lockfileVersion: '9.0'

settings:
  autoInstallPeers: true
  excludeLinksFromLockfile: false

importers:

  .:
    dependencies:
      '@auth0/auth0-react':
        specifier: ~2.13.0
        version: 2.13.0(react-dom@19.2.4(react@19.2.4))(react@19.2.4)

packages:

  '@auth0/auth0-auth-js@1.4.0':
    resolution: {integrity: sha512-ShA7KT4KvcBEtxsXZTcrmoNxai5q1JXhB2aEBFnZD1L6LNLzzmiUWiFTtGMsaaITCylr8TJ/onEQk6XZmUHXbg==}

  '@auth0/auth0-react@2.13.0':
    resolution: {integrity: sha512-juIvLE8USttFgXHIndo8+QhPQFxbHYbB6JQl0VmuTl7UXpneZCQ2Jfupl14DG/M6ou6l1EplTKpGEnxP8q4DaA==}
    peerDependencies:
      react: ^16.11.0 || ^17 || ^18 || ~19.0.1 || ~19.1.2 || ^19.2.1
      react-dom: ^16.11.0 || ^17 || ^18 || ~19.0.1 || ~19.1.2 || ^19.2.1

  '@auth0/auth0-spa-js@2.14.0':
    resolution: {integrity: sha512-2XGd3j7SCTMWBTCAU6Xk9ZtQxcgz9mjMs28t0BMv3y1GfoO7qA9VAgElYb52CyCeiTGlOYAVZFsioojFdRwxcA==}

  browser-tabs-lock@1.3.0:
    resolution: {integrity: sha512-g6nHaobTiT0eMZ7jh16YpD2kcjAp+PInbiVq3M1x6KKaEIVhT4v9oURNIpZLOZ3LQbQ3XYfNhMAb/9hzNLIWrw==}

  dpop@2.1.1:
    resolution: {integrity: sha512-J0Of2JTiM4h5si0tlbPQ/lkqfZ5wAEVkKYBhkwyyANnPJfWH4VsR5uIkZ+T+OSPIwDYUg1fbd5Mmodd25HjY1w==}

  es-cookie@1.3.2:
    resolution: {integrity: sha512-UTlYYhXGLOy05P/vKVT2Ui7WtC7NiRzGtJyAKKn32g5Gvcjn7KAClLPWlipCtxIus934dFg9o9jXiBL0nP+t9Q==}

  jose@6.1.3:
    resolution: {integrity: sha512-0TpaTfihd4QMNwrz/ob2Bp7X04yuxJkjRGi4aKmOqwhov54i6u79oCv7T+C7lo70MKH6BesI3vscD1yb/yzKXQ==}

  lodash@4.17.23:
    resolution: {integrity: sha512-LgVTMpQtIopCi79SJeDiP0TfWi5CNEc/L/aRdTh3yIvmZXTnheWpKjSZhnvMl8iXbC1tFg9gdHHDMLoV7CnG+w==}

  oauth4webapi@3.8.4:
    resolution: {integrity: sha512-EKlVEgav8zH31IXxvhCqjEgQws6S9QmnmJyLXmeV5REf59g7VmqRVa5l/rhGWtUqGm2rLVTNwukn9hla5kJ2WQ==}

  openid-client@6.8.1:
    resolution: {integrity: sha512-VoYT6enBo6Vj2j3Q5Ec0AezS+9YGzQo1f5Xc42lreMGlfP4ljiXPKVDvCADh+XHCV/bqPu/wWSiCVXbJKvrODw==}

  react-dom@19.2.4:
    resolution: {integrity: sha512-AXJdLo8kgMbimY95O2aKQqsz2iWi9jMgKJhRBAxECE4IFxfcazB2LmzloIoibJI3C12IlY20+KFaLv+71bUJeQ==}
    peerDependencies:
      react: ^19.2.4

  react@19.2.4:
    resolution: {integrity: sha512-9nfp2hYpCwOjAN+8TZFGhtWEwgvWHXqESH8qT89AT/lWklpLON22Lc8pEtnpsZz7VmawabSU0gCjnj8aC0euHQ==}
    engines: {node: '>=0.10.0'}

  scheduler@0.27.0:
    resolution: {integrity: sha512-eNv+WrVbKu1f3vbYJT/xtiF5syA5HPIMtf9IgY/nKg0sWqzAUEvqY/xm7OcZc/qafLx/iO9FgOmeSAp4v5ti/Q==}

snapshots:

  '@auth0/auth0-auth-js@1.4.0':
    dependencies:
      jose: 6.1.3
      openid-client: 6.8.1

  '@auth0/auth0-react@2.13.0(react-dom@19.2.4(react@19.2.4))(react@19.2.4)':
    dependencies:
      '@auth0/auth0-spa-js': 2.14.0
      react: 19.2.4
      react-dom: 19.2.4(react@19.2.4)

  '@auth0/auth0-spa-js@2.14.0':
    dependencies:
      '@auth0/auth0-auth-js': 1.4.0
      browser-tabs-lock: 1.3.0
      dpop: 2.1.1
      es-cookie: 1.3.2

  browser-tabs-lock@1.3.0:
    dependencies:
      lodash: 4.17.23

  dpop@2.1.1: {}

  es-cookie@1.3.2: {}

  jose@6.1.3: {}

  lodash@4.17.23: {}

  oauth4webapi@3.8.4: {}

  openid-client@6.8.1:
    dependencies:
      jose: 6.1.3
      oauth4webapi: 3.8.4

  react-dom@19.2.4(react@19.2.4):
    dependencies:
      react: 19.2.4
      scheduler: 0.27.0

  react@19.2.4: {}

  scheduler@0.27.0: {}
